
Microsoft Visual Studio Solution File, Format Version 12.00
# Visual Studio Version 17
VisualStudioVersion = 17.9.34902.65
MinimumVisualStudioVersion = 10.0.40219.1
Project("{FAE04EC0-301F-11D3-BF4B-00C04F79EFBC}") = "xadrez", "xadrez\xadrez.csproj", "{94587342-F7B8-45CF-8A25-23639E39D528}"
EndProject
Global
	GlobalSection(SolutionConfigurationPlatforms) = preSolution
		Debug|Any CPU = Debug|Any CPU
		Release|Any CPU = Release|Any CPU
	EndGlobalSection
	GlobalSection(ProjectConfigurationPlatforms) = postSolution
		{94587342-F7B8-45CF-8A25-23639E39D528}.Debug|Any CPU.ActiveCfg = Debug|Any CPU
		{94587342-F7B8-45CF-8A25-23639E39D528}.Debug|Any CPU.Build.0 = Debug|Any CPU
		{94587342-F7B8-45CF-8A25-23639E39D528}.Release|Any CPU.ActiveCfg = Release|Any CPU
		{94587342-F7B8-45CF-8A25-23639E39D528}.Release|Any CPU.Build.0 = Release|Any CPU
	EndGlobalSection
	GlobalSection(SolutionProperties) = preSolution
		HideSolutionNode = FALSE
	EndGlobalSection
	GlobalSection(ExtensibilityGlobals) = postSolution
		SolutionGuid = {4890B3BC-A819-4C7C-A172-CECB1C3E552B}
	EndGlobalSection
EndGlobal
